<Solution>
  <Folder Name="/Demo/">
    <Project Path="MartinDrozdik.DDD.Demo.Client/MartinDrozdik.DDD.Demo.Client.csproj" />
    <Project Path="MartinDrozdik.DDD.Demo.Tests/MartinDrozdik.DDD.Demo.Tests.csproj" />
    <Project Path="MartinDrozdik.DDD.Demo/MartinDrozdik.DDD.Demo.csproj" />
  </Folder>
  <Folder Name="/Solution Items/">
    <File Path=".editorconfig" />
  </Folder>
  <Folder Name="/Testing/">
    <Project Path="MartinDrozdik.DDD.Testing/MartinDrozdik.DDD.Testing.csproj" Id="92fd5a4d-466b-4a36-baad-bf5b42aaf0bc" />
  </Folder>
  <Folder Name="/Web/">
    <Project Path="MartinDrozdik.DDD.Web.Tests.App/MartinDrozdik.DDD.Web.Tests.App.csproj" />
    <Project Path="MartinDrozdik.DDD.Web.Tests/MartinDrozdik.DDD.Web.Tests.csproj" />
    <Project Path="MartinDrozdik.DDD.Web/MartinDrozdik.DDD.Web.csproj" />
  </Folder>
  <Project Path="MartinDrozdik.DDD.Tests/MartinDrozdik.DDD.Tests.csproj" />
  <Project Path="MartinDrozdik.DDD/MartinDrozdik.DDD.csproj" />
</Solution>
